
Microsoft Visual Studio Solution File, Format Version 10.00
# Visual Studio 2008
Project("{8BC9CEB8-8B4A-11D0-8D11-00A0C91BC942}") = "CxImage", "cximage\cximage.vcproj", "{21021BDE-B017-4794-B0CB-35FD4FB0E3F2}"
EndProject
Project("{8BC9CEB8-8B4A-11D0-8D11-00A0C91BC942}") = "CxImageCrtDll", "CxImage\CxImageDLL\CxImageCrtDll.vcproj", "{A09EA965-1353-4928-B1A4-8FBDD4190B2D}"
	ProjectSection(ProjectDependencies) = postProject
		{79B8800A-4640-4D0E-BB2E-7670FA3DE6FA} = {79B8800A-4640-4D0E-BB2E-7670FA3DE6FA}
		{EB2185EA-3764-4410-A30A-C44849A61584} = {EB2185EA-3764-4410-A30A-C44849A61584}
		{1AD732A2-5A48-4434-9F94-C8BE58330D09} = {1AD732A2-5A48-4434-9F94-C8BE58330D09}
		{1134DD0D-1751-4749-AE7A-2BC6733E0456} = {1134DD0D-1751-4749-AE7A-2BC6733E0456}
		{1669B16B-03BA-4DB0-A98C-1CF369DEC666} = {1669B16B-03BA-4DB0-A98C-1CF369DEC666}
		{06720F48-7822-4C80-99C9-27348368D1BE} = {06720F48-7822-4C80-99C9-27348368D1BE}
		{703B19A4-60CA-4A7A-8472-262BCB1E3765} = {703B19A4-60CA-4A7A-8472-262BCB1E3765}
		{6B0E5011-B78B-4A25-9B41-E083E923C290} = {6B0E5011-B78B-4A25-9B41-E083E923C290}
	EndProjectSection
EndProject
Project("{8BC9CEB8-8B4A-11D0-8D11-00A0C91BC942}") = "CxImageMfcDll", "CxImage\CxImageDLL\cximagemfcdll.vcproj", "{42C0C45D-875A-499B-9DDF-E63D92BEDDBA}"
	ProjectSection(ProjectDependencies) = postProject
		{79B8800A-4640-4D0E-BB2E-7670FA3DE6FA} = {79B8800A-4640-4D0E-BB2E-7670FA3DE6FA}
		{EB2185EA-3764-4410-A30A-C44849A61584} = {EB2185EA-3764-4410-A30A-C44849A61584}
		{1AD732A2-5A48-4434-9F94-C8BE58330D09} = {1AD732A2-5A48-4434-9F94-C8BE58330D09}
		{1134DD0D-1751-4749-AE7A-2BC6733E0456} = {1134DD0D-1751-4749-AE7A-2BC6733E0456}
		{1669B16B-03BA-4DB0-A98C-1CF369DEC666} = {1669B16B-03BA-4DB0-A98C-1CF369DEC666}
		{06720F48-7822-4C80-99C9-27348368D1BE} = {06720F48-7822-4C80-99C9-27348368D1BE}
		{703B19A4-60CA-4A7A-8472-262BCB1E3765} = {703B19A4-60CA-4A7A-8472-262BCB1E3765}
		{6B0E5011-B78B-4A25-9B41-E083E923C290} = {6B0E5011-B78B-4A25-9B41-E083E923C290}
	EndProjectSection
EndProject
Project("{8BC9CEB8-8B4A-11D0-8D11-00A0C91BC942}") = "demo", "demo\demo.vcproj", "{6C159481-FAF8-4E1C-9A0A-62DF04CD6CEB}"
	ProjectSection(ProjectDependencies) = postProject
		{21021BDE-B017-4794-B0CB-35FD4FB0E3F2} = {21021BDE-B017-4794-B0CB-35FD4FB0E3F2}
		{EB2185EA-3764-4410-A30A-C44849A61584} = {EB2185EA-3764-4410-A30A-C44849A61584}
		{1AD732A2-5A48-4434-9F94-C8BE58330D09} = {1AD732A2-5A48-4434-9F94-C8BE58330D09}
		{1134DD0D-1751-4749-AE7A-2BC6733E0456} = {1134DD0D-1751-4749-AE7A-2BC6733E0456}
		{1669B16B-03BA-4DB0-A98C-1CF369DEC666} = {1669B16B-03BA-4DB0-A98C-1CF369DEC666}
		{703B19A4-60CA-4A7A-8472-262BCB1E3765} = {703B19A4-60CA-4A7A-8472-262BCB1E3765}
		{79B8800A-4640-4D0E-BB2E-7670FA3DE6FA} = {79B8800A-4640-4D0E-BB2E-7670FA3DE6FA}
		{06720F48-7822-4C80-99C9-27348368D1BE} = {06720F48-7822-4C80-99C9-27348368D1BE}
		{6B0E5011-B78B-4A25-9B41-E083E923C290} = {6B0E5011-B78B-4A25-9B41-E083E923C290}
	EndProjectSection
EndProject
Project("{8BC9CEB8-8B4A-11D0-8D11-00A0C91BC942}") = "demoDll", "demo\demoDLL.vcproj", "{26DE9CCA-51E7-4A7E-A708-07BF15E36EFA}"
	ProjectSection(ProjectDependencies) = postProject
		{A09EA965-1353-4928-B1A4-8FBDD4190B2D} = {A09EA965-1353-4928-B1A4-8FBDD4190B2D}
	EndProjectSection
EndProject
Project("{8BC9CEB8-8B4A-11D0-8D11-00A0C91BC942}") = "jasper", "jasper\jasper.vcproj", "{06720F48-7822-4C80-99C9-27348368D1BE}"
EndProject
Project("{8BC9CEB8-8B4A-11D0-8D11-00A0C91BC942}") = "jbig", "jbig\jbig.vcproj", "{79B8800A-4640-4D0E-BB2E-7670FA3DE6FA}"
EndProject
Project("{8BC9CEB8-8B4A-11D0-8D11-00A0C91BC942}") = "jpeg", "jpeg\Jpeg.vcproj", "{EB2185EA-3764-4410-A30A-C44849A61584}"
EndProject
Project("{8BC9CEB8-8B4A-11D0-8D11-00A0C91BC942}") = "libdcr", "raw\libdcr.vcproj", "{6B0E5011-B78B-4A25-9B41-E083E923C290}"
EndProject
Project("{8BC9CEB8-8B4A-11D0-8D11-00A0C91BC942}") = "mng", "mng\mng.vcproj", "{703B19A4-60CA-4A7A-8472-262BCB1E3765}"
EndProject
Project("{8BC9CEB8-8B4A-11D0-8D11-00A0C91BC942}") = "png", "png\png.vcproj", "{1AD732A2-5A48-4434-9F94-C8BE58330D09}"
EndProject
Project("{8BC9CEB8-8B4A-11D0-8D11-00A0C91BC942}") = "tiff", "tiff\Tiff.vcproj", "{1134DD0D-1751-4749-AE7A-2BC6733E0456}"
EndProject
Project("{8BC9CEB8-8B4A-11D0-8D11-00A0C91BC942}") = "zlib", "zlib\zlib.vcproj", "{1669B16B-03BA-4DB0-A98C-1CF369DEC666}"
EndProject
Global
	GlobalSection(SolutionConfigurationPlatforms) = preSolution
		Debug|Win32 = Debug|Win32
		Release|Win32 = Release|Win32
		Unicode Debug|Win32 = Unicode Debug|Win32
		Unicode Release|Win32 = Unicode Release|Win32
	EndGlobalSection
	GlobalSection(ProjectConfigurationPlatforms) = postSolution
		{21021BDE-B017-4794-B0CB-35FD4FB0E3F2}.Debug|Win32.ActiveCfg = Debug|Win32
		{21021BDE-B017-4794-B0CB-35FD4FB0E3F2}.Debug|Win32.Build.0 = Debug|Win32
		{21021BDE-B017-4794-B0CB-35FD4FB0E3F2}.Release|Win32.ActiveCfg = Release|Win32
		{21021BDE-B017-4794-B0CB-35FD4FB0E3F2}.Release|Win32.Build.0 = Release|Win32
		{21021BDE-B017-4794-B0CB-35FD4FB0E3F2}.Unicode Debug|Win32.ActiveCfg = Unicode Debug|Win32
		{21021BDE-B017-4794-B0CB-35FD4FB0E3F2}.Unicode Debug|Win32.Build.0 = Unicode Debug|Win32
		{21021BDE-B017-4794-B0CB-35FD4FB0E3F2}.Unicode Release|Win32.ActiveCfg = Unicode Release|Win32
		{21021BDE-B017-4794-B0CB-35FD4FB0E3F2}.Unicode Release|Win32.Build.0 = Unicode Release|Win32
		{A09EA965-1353-4928-B1A4-8FBDD4190B2D}.Debug|Win32.ActiveCfg = Debug|Win32
		{A09EA965-1353-4928-B1A4-8FBDD4190B2D}.Debug|Win32.Build.0 = Debug|Win32
		{A09EA965-1353-4928-B1A4-8FBDD4190B2D}.Release|Win32.ActiveCfg = Release|Win32
		{A09EA965-1353-4928-B1A4-8FBDD4190B2D}.Release|Win32.Build.0 = Release|Win32
		{A09EA965-1353-4928-B1A4-8FBDD4190B2D}.Unicode Debug|Win32.ActiveCfg = Unicode Debug|Win32
		{A09EA965-1353-4928-B1A4-8FBDD4190B2D}.Unicode Debug|Win32.Build.0 = Unicode Debug|Win32
		{A09EA965-1353-4928-B1A4-8FBDD4190B2D}.Unicode Release|Win32.ActiveCfg = Unicode Release|Win32
		{A09EA965-1353-4928-B1A4-8FBDD4190B2D}.Unicode Release|Win32.Build.0 = Unicode Release|Win32
		{42C0C45D-875A-499B-9DDF-E63D92BEDDBA}.Debug|Win32.ActiveCfg = Debug|Win32
		{42C0C45D-875A-499B-9DDF-E63D92BEDDBA}.Debug|Win32.Build.0 = Debug|Win32
		{42C0C45D-875A-499B-9DDF-E63D92BEDDBA}.Release|Win32.ActiveCfg = Release|Win32
		{42C0C45D-875A-499B-9DDF-E63D92BEDDBA}.Release|Win32.Build.0 = Release|Win32
		{42C0C45D-875A-499B-9DDF-E63D92BEDDBA}.Unicode Debug|Win32.ActiveCfg = Unicode Debug|Win32
		{42C0C45D-875A-499B-9DDF-E63D92BEDDBA}.Unicode Debug|Win32.Build.0 = Unicode Debug|Win32
		{42C0C45D-875A-499B-9DDF-E63D92BEDDBA}.Unicode Release|Win32.ActiveCfg = Unicode Release|Win32
		{42C0C45D-875A-499B-9DDF-E63D92BEDDBA}.Unicode Release|Win32.Build.0 = Unicode Release|Win32
		{6C159481-FAF8-4E1C-9A0A-62DF04CD6CEB}.Debug|Win32.ActiveCfg = Debug|Win32
		{6C159481-FAF8-4E1C-9A0A-62DF04CD6CEB}.Debug|Win32.Build.0 = Debug|Win32
		{6C159481-FAF8-4E1C-9A0A-62DF04CD6CEB}.Release|Win32.ActiveCfg = Release|Win32
		{6C159481-FAF8-4E1C-9A0A-62DF04CD6CEB}.Release|Win32.Build.0 = Release|Win32
		{6C159481-FAF8-4E1C-9A0A-62DF04CD6CEB}.Unicode Debug|Win32.ActiveCfg = Unicode Debug|Win32
		{6C159481-FAF8-4E1C-9A0A-62DF04CD6CEB}.Unicode Debug|Win32.Build.0 = Unicode Debug|Win32
		{6C159481-FAF8-4E1C-9A0A-62DF04CD6CEB}.Unicode Release|Win32.ActiveCfg = Unicode Release|Win32
		{6C159481-FAF8-4E1C-9A0A-62DF04CD6CEB}.Unicode Release|Win32.Build.0 = Unicode Release|Win32
		{26DE9CCA-51E7-4A7E-A708-07BF15E36EFA}.Debug|Win32.ActiveCfg = Debug|Win32
		{26DE9CCA-51E7-4A7E-A708-07BF15E36EFA}.Debug|Win32.Build.0 = Debug|Win32
		{26DE9CCA-51E7-4A7E-A708-07BF15E36EFA}.Release|Win32.ActiveCfg = Release|Win32
		{26DE9CCA-51E7-4A7E-A708-07BF15E36EFA}.Release|Win32.Build.0 = Release|Win32
		{26DE9CCA-51E7-4A7E-A708-07BF15E36EFA}.Unicode Debug|Win32.ActiveCfg = Unicode Debug|Win32
		{26DE9CCA-51E7-4A7E-A708-07BF15E36EFA}.Unicode Debug|Win32.Build.0 = Unicode Debug|Win32
		{26DE9CCA-51E7-4A7E-A708-07BF15E36EFA}.Unicode Release|Win32.ActiveCfg = Unicode Release|Win32
		{26DE9CCA-51E7-4A7E-A708-07BF15E36EFA}.Unicode Release|Win32.Build.0 = Unicode Release|Win32
		{06720F48-7822-4C80-99C9-27348368D1BE}.Debug|Win32.ActiveCfg = Debug|Win32
		{06720F48-7822-4C80-99C9-27348368D1BE}.Debug|Win32.Build.0 = Debug|Win32
		{06720F48-7822-4C80-99C9-27348368D1BE}.Release|Win32.ActiveCfg = Release|Win32
		{06720F48-7822-4C80-99C9-27348368D1BE}.Release|Win32.Build.0 = Release|Win32
		{06720F48-7822-4C80-99C9-27348368D1BE}.Unicode Debug|Win32.ActiveCfg = Unicode Debug|Win32
		{06720F48-7822-4C80-99C9-27348368D1BE}.Unicode Debug|Win32.Build.0 = Unicode Debug|Win32
		{06720F48-7822-4C80-99C9-27348368D1BE}.Unicode Release|Win32.ActiveCfg = Unicode Release|Win32
		{06720F48-7822-4C80-99C9-27348368D1BE}.Unicode Release|Win32.Build.0 = Unicode Release|Win32
		{79B8800A-4640-4D0E-BB2E-7670FA3DE6FA}.Debug|Win32.ActiveCfg = Debug|Win32
		{79B8800A-4640-4D0E-BB2E-7670FA3DE6FA}.Debug|Win32.Build.0 = Debug|Win32
		{79B8800A-4640-4D0E-BB2E-7670FA3DE6FA}.Release|Win32.ActiveCfg = Release|Win32
		{79B8800A-4640-4D0E-BB2E-7670FA3DE6FA}.Release|Win32.Build.0 = Release|Win32
		{79B8800A-4640-4D0E-BB2E-7670FA3DE6FA}.Unicode Debug|Win32.ActiveCfg = Unicode Debug|Win32
		{79B8800A-4640-4D0E-BB2E-7670FA3DE6FA}.Unicode Debug|Win32.Build.0 = Unicode Debug|Win32
		{79B8800A-4640-4D0E-BB2E-7670FA3DE6FA}.Unicode Release|Win32.ActiveCfg = Unicode Release|Win32
		{79B8800A-4640-4D0E-BB2E-7670FA3DE6FA}.Unicode Release|Win32.Build.0 = Unicode Release|Win32
		{EB2185EA-3764-4410-A30A-C44849A61584}.Debug|Win32.ActiveCfg = Debug|Win32
		{EB2185EA-3764-4410-A30A-C44849A61584}.Debug|Win32.Build.0 = Debug|Win32
		{EB2185EA-3764-4410-A30A-C44849A61584}.Release|Win32.ActiveCfg = Release|Win32
		{EB2185EA-3764-4410-A30A-C44849A61584}.Release|Win32.Build.0 = Release|Win32
		{EB2185EA-3764-4410-A30A-C44849A61584}.Unicode Debug|Win32.ActiveCfg = Unicode Debug|Win32
		{EB2185EA-3764-4410-A30A-C44849A61584}.Unicode Debug|Win32.Build.0 = Unicode Debug|Win32
		{EB2185EA-3764-4410-A30A-C44849A61584}.Unicode Release|Win32.ActiveCfg = Unicode Release|Win32
		{EB2185EA-3764-4410-A30A-C44849A61584}.Unicode Release|Win32.Build.0 = Unicode Release|Win32
		{6B0E5011-B78B-4A25-9B41-E083E923C290}.Debug|Win32.ActiveCfg = Debug|Win32
		{6B0E5011-B78B-4A25-9B41-E083E923C290}.Debug|Win32.Build.0 = Debug|Win32
		{6B0E5011-B78B-4A25-9B41-E083E923C290}.Release|Win32.ActiveCfg = Release|Win32
		{6B0E5011-B78B-4A25-9B41-E083E923C290}.Release|Win32.Build.0 = Release|Win32
		{6B0E5011-B78B-4A25-9B41-E083E923C290}.Unicode Debug|Win32.ActiveCfg = Unicode Debug|Win32
		{6B0E5011-B78B-4A25-9B41-E083E923C290}.Unicode Debug|Win32.Build.0 = Unicode Debug|Win32
		{6B0E5011-B78B-4A25-9B41-E083E923C290}.Unicode Release|Win32.ActiveCfg = Unicode Release|Win32
		{6B0E5011-B78B-4A25-9B41-E083E923C290}.Unicode Release|Win32.Build.0 = Unicode Release|Win32
		{703B19A4-60CA-4A7A-8472-262BCB1E3765}.Debug|Win32.ActiveCfg = Debug|Win32
		{703B19A4-60CA-4A7A-8472-262BCB1E3765}.Debug|Win32.Build.0 = Debug|Win32
		{703B19A4-60CA-4A7A-8472-262BCB1E3765}.Release|Win32.ActiveCfg = Release|Win32
		{703B19A4-60CA-4A7A-8472-262BCB1E3765}.Release|Win32.Build.0 = Release|Win32
		{703B19A4-60CA-4A7A-8472-262BCB1E3765}.Unicode Debug|Win32.ActiveCfg = Unicode Debug|Win32
		{703B19A4-60CA-4A7A-8472-262BCB1E3765}.Unicode Debug|Win32.Build.0 = Unicode Debug|Win32
		{703B19A4-60CA-4A7A-8472-262BCB1E3765}.Unicode Release|Win32.ActiveCfg = Unicode Release|Win32
		{703B19A4-60CA-4A7A-8472-262BCB1E3765}.Unicode Release|Win32.Build.0 = Unicode Release|Win32
		{1AD732A2-5A48-4434-9F94-C8BE58330D09}.Debug|Win32.ActiveCfg = Debug|Win32
		{1AD732A2-5A48-4434-9F94-C8BE58330D09}.Debug|Win32.Build.0 = Debug|Win32
		{1AD732A2-5A48-4434-9F94-C8BE58330D09}.Release|Win32.ActiveCfg = Release|Win32
		{1AD732A2-5A48-4434-9F94-C8BE58330D09}.Release|Win32.Build.0 = Release|Win32
		{1AD732A2-5A48-4434-9F94-C8BE58330D09}.Unicode Debug|Win32.ActiveCfg = Unicode Debug|Win32
		{1AD732A2-5A48-4434-9F94-C8BE58330D09}.Unicode Debug|Win32.Build.0 = Unicode Debug|Win32
		{1AD732A2-5A48-4434-9F94-C8BE58330D09}.Unicode Release|Win32.ActiveCfg = Unicode Release|Win32
		{1AD732A2-5A48-4434-9F94-C8BE58330D09}.Unicode Release|Win32.Build.0 = Unicode Release|Win32
		{1134DD0D-1751-4749-AE7A-2BC6733E0456}.Debug|Win32.ActiveCfg = Debug|Win32
		{1134DD0D-1751-4749-AE7A-2BC6733E0456}.Debug|Win32.Build.0 = Debug|Win32
		{1134DD0D-1751-4749-AE7A-2BC6733E0456}.Release|Win32.ActiveCfg = Release|Win32
		{1134DD0D-1751-4749-AE7A-2BC6733E0456}.Release|Win32.Build.0 = Release|Win32
		{1134DD0D-1751-4749-AE7A-2BC6733E0456}.Unicode Debug|Win32.ActiveCfg = Unicode Debug|Win32
		{1134DD0D-1751-4749-AE7A-2BC6733E0456}.Unicode Debug|Win32.Build.0 = Unicode Debug|Win32
		{1134DD0D-1751-4749-AE7A-2BC6733E0456}.Unicode Release|Win32.ActiveCfg = Unicode Release|Win32
		{1134DD0D-1751-4749-AE7A-2BC6733E0456}.Unicode Release|Win32.Build.0 = Unicode Release|Win32
		{1669B16B-03BA-4DB0-A98C-1CF369DEC666}.Debug|Win32.ActiveCfg = Debug|Win32
		{1669B16B-03BA-4DB0-A98C-1CF369DEC666}.Debug|Win32.Build.0 = Debug|Win32
		{1669B16B-03BA-4DB0-A98C-1CF369DEC666}.Release|Win32.ActiveCfg = Release|Win32
		{1669B16B-03BA-4DB0-A98C-1CF369DEC666}.Release|Win32.Build.0 = Release|Win32
		{1669B16B-03BA-4DB0-A98C-1CF369DEC666}.Unicode Debug|Win32.ActiveCfg = Unicode Debug|Win32
		{1669B16B-03BA-4DB0-A98C-1CF369DEC666}.Unicode Debug|Win32.Build.0 = Unicode Debug|Win32
		{1669B16B-03BA-4DB0-A98C-1CF369DEC666}.Unicode Release|Win32.ActiveCfg = Unicode Release|Win32
		{1669B16B-03BA-4DB0-A98C-1CF369DEC666}.Unicode Release|Win32.Build.0 = Unicode Release|Win32
	EndGlobalSection
	GlobalSection(SolutionProperties) = preSolution
		HideSolutionNode = FALSE
	EndGlobalSection
EndGlobal
